
Microsoft Visual Studio Solution File, Format Version 12.00
# Visual Studio Version 16
VisualStudioVersion = 16.0.30523.141
MinimumVisualStudioVersion = 10.0.40219.1
Project("{9A19103F-16F7-4668-BE54-9A1E7A4F7556}") = "Server", "Server\Server.csproj", "{1C896F4B-CAA8-430B-B065-B1F041A21044}"
EndProject
Project("{D954291E-2A0B-460D-934E-DC6B0785DB48}") = "Utils", "Utils\Utils.shproj", "{DDAD3A97-8CC2-4BC7-8F38-FABAE9B28645}"
EndProject
Project("{9A19103F-16F7-4668-BE54-9A1E7A4F7556}") = "SnakeClient", "SnakeClient\SnakeClient.csproj", "{40121246-5607-4F81-A8F6-49008BB8AA66}"
EndProject
Project("{FAE04EC0-301F-11D3-BF4B-00C04F79EFBC}") = "Server.Tests", "Server.Tests\Server.Tests.csproj", "{9A8E5BD4-5EE4-4A4B-9131-D9E2F56080F5}"
EndProject
Global
	GlobalSection(SharedMSBuildProjectFiles) = preSolution
		Utils\Utils.projitems*{1c896f4b-caa8-430b-b065-b1f041a21044}*SharedItemsImports = 5
		Utils\Utils.projitems*{40121246-5607-4f81-a8f6-49008bb8aa66}*SharedItemsImports = 5
		Utils\Utils.projitems*{ddad3a97-8cc2-4bc7-8f38-fabae9b28645}*SharedItemsImports = 13
	EndGlobalSection
	GlobalSection(SolutionConfigurationPlatforms) = preSolution
		Debug|Any CPU = Debug|Any CPU
		Release|Any CPU = Release|Any CPU
	EndGlobalSection
	GlobalSection(ProjectConfigurationPlatforms) = postSolution
		{1C896F4B-CAA8-430B-B065-B1F041A21044}.Debug|Any CPU.ActiveCfg = Debug|Any CPU
		{1C896F4B-CAA8-430B-B065-B1F041A21044}.Debug|Any CPU.Build.0 = Debug|Any CPU
		{1C896F4B-CAA8-430B-B065-B1F041A21044}.Release|Any CPU.ActiveCfg = Release|Any CPU
		{1C896F4B-CAA8-430B-B065-B1F041A21044}.Release|Any CPU.Build.0 = Release|Any CPU
		{40121246-5607-4F81-A8F6-49008BB8AA66}.Debug|Any CPU.ActiveCfg = Debug|Any CPU
		{40121246-5607-4F81-A8F6-49008BB8AA66}.Debug|Any CPU.Build.0 = Debug|Any CPU
		{40121246-5607-4F81-A8F6-49008BB8AA66}.Release|Any CPU.ActiveCfg = Release|Any CPU
		{40121246-5607-4F81-A8F6-49008BB8AA66}.Release|Any CPU.Build.0 = Release|Any CPU
		{9A8E5BD4-5EE4-4A4B-9131-D9E2F56080F5}.Debug|Any CPU.ActiveCfg = Debug|Any CPU
		{9A8E5BD4-5EE4-4A4B-9131-D9E2F56080F5}.Debug|Any CPU.Build.0 = Debug|Any CPU
		{9A8E5BD4-5EE4-4A4B-9131-D9E2F56080F5}.Release|Any CPU.ActiveCfg = Release|Any CPU
		{9A8E5BD4-5EE4-4A4B-9131-D9E2F56080F5}.Release|Any CPU.Build.0 = Release|Any CPU
	EndGlobalSection
	GlobalSection(SolutionProperties) = preSolution
		HideSolutionNode = FALSE
	EndGlobalSection
	GlobalSection(ExtensibilityGlobals) = postSolution
		SolutionGuid = {3D6C0977-BB16-47F4-B93C-0AB48BA46567}
	EndGlobalSection
EndGlobal
